
Microsoft Visual Studio Solution File, Format Version 12.00
# Visual Studio Version 16
VisualStudioVersion = 16.0.30804.86
MinimumVisualStudioVersion = 10.0.40219.1
Project("{FAE04EC0-301F-11D3-BF4B-00C04F79EFBC}") = "ClassMetotDemo", "ClassMetotDemo\ClassMetotDemo.csproj", "{D12BDCCA-A6AC-4B89-AEC3-23558E1063D4}"
EndProject
Global
	GlobalSection(SolutionConfigurationPlatforms) = preSolution
		Debug|Any CPU = Debug|Any CPU
		Release|Any CPU = Release|Any CPU
	EndGlobalSection
	GlobalSection(ProjectConfigurationPlatforms) = postSolution
		{D12BDCCA-A6AC-4B89-AEC3-23558E1063D4}.Debug|Any CPU.ActiveCfg = Debug|Any CPU
		{D12BDCCA-A6AC-4B89-AEC3-23558E1063D4}.Debug|Any CPU.Build.0 = Debug|Any CPU
		{D12BDCCA-A6AC-4B89-AEC3-23558E1063D4}.Release|Any CPU.ActiveCfg = Release|Any CPU
		{D12BDCCA-A6AC-4B89-AEC3-23558E1063D4}.Release|Any CPU.Build.0 = Release|Any CPU
	EndGlobalSection
	GlobalSection(SolutionProperties) = preSolution
		HideSolutionNode = FALSE
	EndGlobalSection
	GlobalSection(ExtensibilityGlobals) = postSolution
		SolutionGuid = {6C842F81-2773-4594-AE87-44AF7F43D3C8}
	EndGlobalSection
EndGlobal
